{
  "requires": true,
  "lockfileVersion": 1,
  "dependencies": {
    "vim-language-server": {
      "version": "2.1.2",
      "resolved": "https://registry.npmjs.org/vim-language-server/-/vim-language-server-2.1.2.tgz",
      "integrity": "sha512-i+IVvvla+7oyXU3Mb1Vc4hCymCEUbRRhJE7/So+wZNZZgtVH4SNWwhtjzNV2l9egYAyCqJnJKKtErwgJnfAHsA=="
    }
  }
}
